
Microsoft Visual Studio Solution File, Format Version 12.00
# Visual Studio Version 17
VisualStudioVersion = 17.7.34024.191
MinimumVisualStudioVersion = 10.0.40219.1
Project("{FAE04EC0-301F-11D3-BF4B-00C04F79EFBC}") = "ListaDeCompras", "ListaDeCompras.csproj", "{2518BD9E-E4F1-4544-8B59-52556FC50096}"
EndProject
Global
	GlobalSection(SolutionConfigurationPlatforms) = preSolution
		Debug|Any CPU = Debug|Any CPU
		Release|Any CPU = Release|Any CPU
	EndGlobalSection
	GlobalSection(ProjectConfigurationPlatforms) = postSolution
		{2518BD9E-E4F1-4544-8B59-52556FC50096}.Debug|Any CPU.ActiveCfg = Debug|Any CPU
		{2518BD9E-E4F1-4544-8B59-52556FC50096}.Debug|Any CPU.Build.0 = Debug|Any CPU
		{2518BD9E-E4F1-4544-8B59-52556FC50096}.Release|Any CPU.ActiveCfg = Release|Any CPU
		{2518BD9E-E4F1-4544-8B59-52556FC50096}.Release|Any CPU.Build.0 = Release|Any CPU
	EndGlobalSection
	GlobalSection(SolutionProperties) = preSolution
		HideSolutionNode = FALSE
	EndGlobalSection
	GlobalSection(ExtensibilityGlobals) = postSolution
		SolutionGuid = {AC482212-3883-44C2-87D1-F2C5EE71C24E}
	EndGlobalSection
EndGlobal
